{
  "name": "example",
  "requires": true,
  "lockfileVersion": 1,
  "dependencies": {
    "csps": {
      "version": "1.0.5",
      "resolved": "https://registry.npmjs.org/csps/-/csps-1.0.5.tgz",
      "integrity": "sha512-YQQQftNPoBCwr7wmokWb0P+MZ+FZtQigf1M3ns51XIFGeyqg17CnhxOarlVsQTvPx2PCYmQQCBLAp5Gf0Eb7Fg=="
    },
    "typescript": {
      "version": "4.2.3",
      "resolved": "https://registry.npmjs.org/typescript/-/typescript-4.2.3.tgz",
      "integrity": "sha512-qOcYwxaByStAWrBf4x0fibwZvMRG+r4cQoTjbPtUlrWjBHbmCAww1i448U0GJ+3cNNEtebDteo/cHOR3xJ4wEw=="
    }
  }
}
