{
  "name": "example",
  "requires": true,
  "lockfileVersion": 1,
  "dependencies": {
    "csps": {
      "version": "2.0.1",
      "resolved": "https://registry.npmjs.org/csps/-/csps-2.0.1.tgz",
      "integrity": "sha512-JK8p+SxVuvQFagEi/TjSZ6Jg/vh4OlXVWPjzzeFyyUZkiUlNuD2PhGZGg5dPYzZgGCnEltMZl7VXHASpEvPRjg=="
    },
    "typescript": {
      "version": "4.2.4",
      "resolved": "https://registry.npmjs.org/typescript/-/typescript-4.2.4.tgz",
      "integrity": "sha512-V+evlYHZnQkaz8TRBuxTA92yZBPotr5H+WhQ7bD3hZUndx5tGOa1fuCgeSjxAzM1RiN5IzvadIXTVefuuwZCRg=="
    }
  }
}
